
Microsoft Visual Studio Solution File, Format Version 12.00
# Visual Studio Version 17
VisualStudioVersion = 17.3.32804.467
MinimumVisualStudioVersion = 10.0.40219.1
Project("{9A19103F-16F7-4668-BE54-9A1E7A4F7556}") = "01. Count Chars in a String", "01. Count Chars in a String\01. Count Chars in a String.csproj", "{AC1448C7-A33A-46BF-B3D1-A4FD728A6E4E}"
EndProject
Project("{9A19103F-16F7-4668-BE54-9A1E7A4F7556}") = "02. A Miner Task", "02. A Miner Task\02. A Miner Task.csproj", "{002DD82B-F150-4821-B43F-255D1AF67A73}"
EndProject
Project("{9A19103F-16F7-4668-BE54-9A1E7A4F7556}") = "03. Orders", "03. Orders\03. Orders.csproj", "{12578586-A336-4A4B-B724-407A42C1FC02}"
EndProject
Project("{FAE04EC0-301F-11D3-BF4B-00C04F79EFBC}") = "04. SoftUni Parking", "04. SoftUni Parking\04. SoftUni Parking.csproj", "{6293301B-F4AB-444C-A176-78F01FFB501C}"
EndProject
Project("{FAE04EC0-301F-11D3-BF4B-00C04F79EFBC}") = "05. Courses", "05. Courses\05. Courses.csproj", "{8685406F-AB60-4884-B804-96B473909F40}"
EndProject
Project("{FAE04EC0-301F-11D3-BF4B-00C04F79EFBC}") = "06. Student Academy", "06. Student Academy\06. Student Academy.csproj", "{EFDD4F16-8624-4778-BEC8-969E3415AF22}"
EndProject
Project("{FAE04EC0-301F-11D3-BF4B-00C04F79EFBC}") = "07. Company Users", "07. Company Users\07. Company Users.csproj", "{BB427CBC-FAF5-4F11-9235-2429B1B579EE}"
EndProject
Global
	GlobalSection(SolutionConfigurationPlatforms) = preSolution
		Debug|Any CPU = Debug|Any CPU
		Release|Any CPU = Release|Any CPU
	EndGlobalSection
	GlobalSection(ProjectConfigurationPlatforms) = postSolution
		{AC1448C7-A33A-46BF-B3D1-A4FD728A6E4E}.Debug|Any CPU.ActiveCfg = Debug|Any CPU
		{AC1448C7-A33A-46BF-B3D1-A4FD728A6E4E}.Debug|Any CPU.Build.0 = Debug|Any CPU
		{AC1448C7-A33A-46BF-B3D1-A4FD728A6E4E}.Release|Any CPU.ActiveCfg = Release|Any CPU
		{AC1448C7-A33A-46BF-B3D1-A4FD728A6E4E}.Release|Any CPU.Build.0 = Release|Any CPU
		{002DD82B-F150-4821-B43F-255D1AF67A73}.Debug|Any CPU.ActiveCfg = Debug|Any CPU
		{002DD82B-F150-4821-B43F-255D1AF67A73}.Debug|Any CPU.Build.0 = Debug|Any CPU
		{002DD82B-F150-4821-B43F-255D1AF67A73}.Release|Any CPU.ActiveCfg = Release|Any CPU
		{002DD82B-F150-4821-B43F-255D1AF67A73}.Release|Any CPU.Build.0 = Release|Any CPU
		{12578586-A336-4A4B-B724-407A42C1FC02}.Debug|Any CPU.ActiveCfg = Debug|Any CPU
		{12578586-A336-4A4B-B724-407A42C1FC02}.Debug|Any CPU.Build.0 = Debug|Any CPU
		{12578586-A336-4A4B-B724-407A42C1FC02}.Release|Any CPU.ActiveCfg = Release|Any CPU
		{12578586-A336-4A4B-B724-407A42C1FC02}.Release|Any CPU.Build.0 = Release|Any CPU
		{6293301B-F4AB-444C-A176-78F01FFB501C}.Debug|Any CPU.ActiveCfg = Debug|Any CPU
		{6293301B-F4AB-444C-A176-78F01FFB501C}.Debug|Any CPU.Build.0 = Debug|Any CPU
		{6293301B-F4AB-444C-A176-78F01FFB501C}.Release|Any CPU.ActiveCfg = Release|Any CPU
		{6293301B-F4AB-444C-A176-78F01FFB501C}.Release|Any CPU.Build.0 = Release|Any CPU
		{8685406F-AB60-4884-B804-96B473909F40}.Debug|Any CPU.ActiveCfg = Debug|Any CPU
		{8685406F-AB60-4884-B804-96B473909F40}.Debug|Any CPU.Build.0 = Debug|Any CPU
		{8685406F-AB60-4884-B804-96B473909F40}.Release|Any CPU.ActiveCfg = Release|Any CPU
		{8685406F-AB60-4884-B804-96B473909F40}.Release|Any CPU.Build.0 = Release|Any CPU
		{EFDD4F16-8624-4778-BEC8-969E3415AF22}.Debug|Any CPU.ActiveCfg = Debug|Any CPU
		{EFDD4F16-8624-4778-BEC8-969E3415AF22}.Debug|Any CPU.Build.0 = Debug|Any CPU
		{EFDD4F16-8624-4778-BEC8-969E3415AF22}.Release|Any CPU.ActiveCfg = Release|Any CPU
		{EFDD4F16-8624-4778-BEC8-969E3415AF22}.Release|Any CPU.Build.0 = Release|Any CPU
		{BB427CBC-FAF5-4F11-9235-2429B1B579EE}.Debug|Any CPU.ActiveCfg = Debug|Any CPU
		{BB427CBC-FAF5-4F11-9235-2429B1B579EE}.Debug|Any CPU.Build.0 = Debug|Any CPU
		{BB427CBC-FAF5-4F11-9235-2429B1B579EE}.Release|Any CPU.ActiveCfg = Release|Any CPU
		{BB427CBC-FAF5-4F11-9235-2429B1B579EE}.Release|Any CPU.Build.0 = Release|Any CPU
	EndGlobalSection
	GlobalSection(SolutionProperties) = preSolution
		HideSolutionNode = FALSE
	EndGlobalSection
	GlobalSection(ExtensibilityGlobals) = postSolution
		SolutionGuid = {F07C3EF3-09B8-4E1D-93CF-6199E70DB5D6}
	EndGlobalSection
EndGlobal
