
Microsoft Visual Studio Solution File, Format Version 12.00
# Visual Studio Version 17
VisualStudioVersion = 17.3.32804.467
MinimumVisualStudioVersion = 10.0.40219.1
Project("{9A19103F-16F7-4668-BE54-9A1E7A4F7556}") = "01. Furniture", "01. Furniture\01. Furniture.csproj", "{13BF8482-CCEA-4F5A-9E2E-2992F5DA6318}"
EndProject
Project("{9A19103F-16F7-4668-BE54-9A1E7A4F7556}") = "02. Race", "02. Race\02. Race.csproj", "{EAACAC19-98DE-4B56-B532-7C6B2838682D}"
EndProject
Project("{FAE04EC0-301F-11D3-BF4B-00C04F79EFBC}") = "03. SoftUni Bar Income", "03. SoftUni Bar Income\03. SoftUni Bar Income.csproj", "{4CFEBFE3-268C-468C-96FC-734DE30EF401}"
EndProject
Global
	GlobalSection(SolutionConfigurationPlatforms) = preSolution
		Debug|Any CPU = Debug|Any CPU
		Release|Any CPU = Release|Any CPU
	EndGlobalSection
	GlobalSection(ProjectConfigurationPlatforms) = postSolution
		{13BF8482-CCEA-4F5A-9E2E-2992F5DA6318}.Debug|Any CPU.ActiveCfg = Debug|Any CPU
		{13BF8482-CCEA-4F5A-9E2E-2992F5DA6318}.Debug|Any CPU.Build.0 = Debug|Any CPU
		{13BF8482-CCEA-4F5A-9E2E-2992F5DA6318}.Release|Any CPU.ActiveCfg = Release|Any CPU
		{13BF8482-CCEA-4F5A-9E2E-2992F5DA6318}.Release|Any CPU.Build.0 = Release|Any CPU
		{EAACAC19-98DE-4B56-B532-7C6B2838682D}.Debug|Any CPU.ActiveCfg = Debug|Any CPU
		{EAACAC19-98DE-4B56-B532-7C6B2838682D}.Debug|Any CPU.Build.0 = Debug|Any CPU
		{EAACAC19-98DE-4B56-B532-7C6B2838682D}.Release|Any CPU.ActiveCfg = Release|Any CPU
		{EAACAC19-98DE-4B56-B532-7C6B2838682D}.Release|Any CPU.Build.0 = Release|Any CPU
		{4CFEBFE3-268C-468C-96FC-734DE30EF401}.Debug|Any CPU.ActiveCfg = Debug|Any CPU
		{4CFEBFE3-268C-468C-96FC-734DE30EF401}.Debug|Any CPU.Build.0 = Debug|Any CPU
		{4CFEBFE3-268C-468C-96FC-734DE30EF401}.Release|Any CPU.ActiveCfg = Release|Any CPU
		{4CFEBFE3-268C-468C-96FC-734DE30EF401}.Release|Any CPU.Build.0 = Release|Any CPU
	EndGlobalSection
	GlobalSection(SolutionProperties) = preSolution
		HideSolutionNode = FALSE
	EndGlobalSection
	GlobalSection(ExtensibilityGlobals) = postSolution
		SolutionGuid = {9AD2C3D1-142A-4CC5-8621-3D67AEBDA8B6}
	EndGlobalSection
EndGlobal
