
Microsoft Visual Studio Solution File, Format Version 12.00
# Visual Studio Version 17
VisualStudioVersion = 17.3.32804.467
MinimumVisualStudioVersion = 10.0.40219.1
Project("{9A19103F-16F7-4668-BE54-9A1E7A4F7556}") = "01. Day of Week", "01. Day of Week\01. Day of Week.csproj", "{E967BB21-4C7E-4569-9A78-4263E069DA5B}"
EndProject
Project("{9A19103F-16F7-4668-BE54-9A1E7A4F7556}") = "02. Print Numbers in Reverse Order", "02. Print Numbers in Reverse Order\02. Print Numbers in Reverse Order.csproj", "{C1874DE4-E8B2-4BD8-AA1B-D4B86C648E3E}"
EndProject
Project("{9A19103F-16F7-4668-BE54-9A1E7A4F7556}") = "03. Rounding Numbers", "03. Rounding Numbers\03. Rounding Numbers.csproj", "{0B1E23FA-9DE9-4079-841B-BE3EAF63926A}"
EndProject
Project("{9A19103F-16F7-4668-BE54-9A1E7A4F7556}") = "04. Reverse Array of Strings", "04. Reverse Array of Strings\04. Reverse Array of Strings.csproj", "{23125119-6C22-489B-96F6-E19BC4FCBF5B}"
EndProject
Project("{FAE04EC0-301F-11D3-BF4B-00C04F79EFBC}") = "05. Sum Even Numbers", "05. Sum Even Numbers\05. Sum Even Numbers.csproj", "{4B58AC5B-EAD3-482D-B614-E99FF008228F}"
EndProject
Project("{FAE04EC0-301F-11D3-BF4B-00C04F79EFBC}") = "06. Even and Odd Subtraction", "06. Even and Odd Subtraction\06. Even and Odd Subtraction.csproj", "{D6D03546-0707-4347-A511-3235929D8298}"
EndProject
Project("{FAE04EC0-301F-11D3-BF4B-00C04F79EFBC}") = "07. Equal Arrays", "07. Equal Arrays\07. Equal Arrays.csproj", "{6FF0DCCE-1B58-4B34-8513-7A308CA24D9D}"
EndProject
Project("{FAE04EC0-301F-11D3-BF4B-00C04F79EFBC}") = "08. Condense Array to Number", "08. Condense Array to Number\08. Condense Array to Number.csproj", "{94A9586C-09F8-4348-BB4A-DAAA33A6EEDF}"
EndProject
Global
	GlobalSection(SolutionConfigurationPlatforms) = preSolution
		Debug|Any CPU = Debug|Any CPU
		Release|Any CPU = Release|Any CPU
	EndGlobalSection
	GlobalSection(ProjectConfigurationPlatforms) = postSolution
		{E967BB21-4C7E-4569-9A78-4263E069DA5B}.Debug|Any CPU.ActiveCfg = Debug|Any CPU
		{E967BB21-4C7E-4569-9A78-4263E069DA5B}.Debug|Any CPU.Build.0 = Debug|Any CPU
		{E967BB21-4C7E-4569-9A78-4263E069DA5B}.Release|Any CPU.ActiveCfg = Release|Any CPU
		{E967BB21-4C7E-4569-9A78-4263E069DA5B}.Release|Any CPU.Build.0 = Release|Any CPU
		{C1874DE4-E8B2-4BD8-AA1B-D4B86C648E3E}.Debug|Any CPU.ActiveCfg = Debug|Any CPU
		{C1874DE4-E8B2-4BD8-AA1B-D4B86C648E3E}.Debug|Any CPU.Build.0 = Debug|Any CPU
		{C1874DE4-E8B2-4BD8-AA1B-D4B86C648E3E}.Release|Any CPU.ActiveCfg = Release|Any CPU
		{C1874DE4-E8B2-4BD8-AA1B-D4B86C648E3E}.Release|Any CPU.Build.0 = Release|Any CPU
		{0B1E23FA-9DE9-4079-841B-BE3EAF63926A}.Debug|Any CPU.ActiveCfg = Debug|Any CPU
		{0B1E23FA-9DE9-4079-841B-BE3EAF63926A}.Debug|Any CPU.Build.0 = Debug|Any CPU
		{0B1E23FA-9DE9-4079-841B-BE3EAF63926A}.Release|Any CPU.ActiveCfg = Release|Any CPU
		{0B1E23FA-9DE9-4079-841B-BE3EAF63926A}.Release|Any CPU.Build.0 = Release|Any CPU
		{23125119-6C22-489B-96F6-E19BC4FCBF5B}.Debug|Any CPU.ActiveCfg = Debug|Any CPU
		{23125119-6C22-489B-96F6-E19BC4FCBF5B}.Debug|Any CPU.Build.0 = Debug|Any CPU
		{23125119-6C22-489B-96F6-E19BC4FCBF5B}.Release|Any CPU.ActiveCfg = Release|Any CPU
		{23125119-6C22-489B-96F6-E19BC4FCBF5B}.Release|Any CPU.Build.0 = Release|Any CPU
		{4B58AC5B-EAD3-482D-B614-E99FF008228F}.Debug|Any CPU.ActiveCfg = Debug|Any CPU
		{4B58AC5B-EAD3-482D-B614-E99FF008228F}.Debug|Any CPU.Build.0 = Debug|Any CPU
		{4B58AC5B-EAD3-482D-B614-E99FF008228F}.Release|Any CPU.ActiveCfg = Release|Any CPU
		{4B58AC5B-EAD3-482D-B614-E99FF008228F}.Release|Any CPU.Build.0 = Release|Any CPU
		{D6D03546-0707-4347-A511-3235929D8298}.Debug|Any CPU.ActiveCfg = Debug|Any CPU
		{D6D03546-0707-4347-A511-3235929D8298}.Debug|Any CPU.Build.0 = Debug|Any CPU
		{D6D03546-0707-4347-A511-3235929D8298}.Release|Any CPU.ActiveCfg = Release|Any CPU
		{D6D03546-0707-4347-A511-3235929D8298}.Release|Any CPU.Build.0 = Release|Any CPU
		{6FF0DCCE-1B58-4B34-8513-7A308CA24D9D}.Debug|Any CPU.ActiveCfg = Debug|Any CPU
		{6FF0DCCE-1B58-4B34-8513-7A308CA24D9D}.Debug|Any CPU.Build.0 = Debug|Any CPU
		{6FF0DCCE-1B58-4B34-8513-7A308CA24D9D}.Release|Any CPU.ActiveCfg = Release|Any CPU
		{6FF0DCCE-1B58-4B34-8513-7A308CA24D9D}.Release|Any CPU.Build.0 = Release|Any CPU
		{94A9586C-09F8-4348-BB4A-DAAA33A6EEDF}.Debug|Any CPU.ActiveCfg = Debug|Any CPU
		{94A9586C-09F8-4348-BB4A-DAAA33A6EEDF}.Debug|Any CPU.Build.0 = Debug|Any CPU
		{94A9586C-09F8-4348-BB4A-DAAA33A6EEDF}.Release|Any CPU.ActiveCfg = Release|Any CPU
		{94A9586C-09F8-4348-BB4A-DAAA33A6EEDF}.Release|Any CPU.Build.0 = Release|Any CPU
	EndGlobalSection
	GlobalSection(SolutionProperties) = preSolution
		HideSolutionNode = FALSE
	EndGlobalSection
	GlobalSection(ExtensibilityGlobals) = postSolution
		SolutionGuid = {5542D1B3-49D9-4607-8573-A824E785AC88}
	EndGlobalSection
EndGlobal
